
Microsoft Visual Studio Solution File, Format Version 12.00
# Visual Studio 15
VisualStudioVersion = 15.0.28307.136
MinimumVisualStudioVersion = 10.0.40219.1
Project("{9A19103F-16F7-4668-BE54-9A1E7A4F7556}") = "FMCApp.Web", "Web\FMCApp.Web\FMCApp.Web.csproj", "{FF231670-8A5C-4F47-B54C-2B4780CDC8EF}"
EndProject
Project("{2150E333-8FDC-42A3-9474-1A3956D46DE8}") = "Web", "Web", "{880957C5-EBCE-4E93-B6E6-0D6090EAE004}"
EndProject
Project("{2150E333-8FDC-42A3-9474-1A3956D46DE8}") = "Data", "Data", "{ED096693-0660-4119-B1B1-44EA37DAA4BD}"
EndProject
Project("{9A19103F-16F7-4668-BE54-9A1E7A4F7556}") = "FMCApp.Data", "Data\FMCApp.Data\FMCApp.Data.csproj", "{CC6DF5AA-0775-4A64-ABCA-1265BC74A676}"
EndProject
Project("{9A19103F-16F7-4668-BE54-9A1E7A4F7556}") = "FMCApp.Data.Models", "Data\FMCApp.Data.Models\FMCApp.Data.Models.csproj", "{0340B860-5870-4756-84FA-379B2B1759ED}"
EndProject
Project("{2150E333-8FDC-42A3-9474-1A3956D46DE8}") = "Tests", "Tests", "{1EF1C15B-C727-4989-AA88-55D2779800AC}"
EndProject
Project("{9A19103F-16F7-4668-BE54-9A1E7A4F7556}") = "Sandbox", "Tests\Sandbox\Sandbox.csproj", "{24BFF4CD-282C-44E1-A0F7-D66DFC37F86F}"
EndProject
Project("{2150E333-8FDC-42A3-9474-1A3956D46DE8}") = "ViewModels", "ViewModels", "{9C361939-6094-4961-A72D-F525AB9192E1}"
EndProject
Project("{FAE04EC0-301F-11D3-BF4B-00C04F79EFBC}") = "FMCApp.ViewModels", "ViewModels\FMCApp.ViewModels\FMCApp.ViewModels.csproj", "{2D8F9387-59A2-45F6-9044-A2CE6810DFEE}"
EndProject
Global
	GlobalSection(SolutionConfigurationPlatforms) = preSolution
		Debug|Any CPU = Debug|Any CPU
		Release|Any CPU = Release|Any CPU
	EndGlobalSection
	GlobalSection(ProjectConfigurationPlatforms) = postSolution
		{FF231670-8A5C-4F47-B54C-2B4780CDC8EF}.Debug|Any CPU.ActiveCfg = Debug|Any CPU
		{FF231670-8A5C-4F47-B54C-2B4780CDC8EF}.Debug|Any CPU.Build.0 = Debug|Any CPU
		{FF231670-8A5C-4F47-B54C-2B4780CDC8EF}.Release|Any CPU.ActiveCfg = Release|Any CPU
		{FF231670-8A5C-4F47-B54C-2B4780CDC8EF}.Release|Any CPU.Build.0 = Release|Any CPU
		{CC6DF5AA-0775-4A64-ABCA-1265BC74A676}.Debug|Any CPU.ActiveCfg = Debug|Any CPU
		{CC6DF5AA-0775-4A64-ABCA-1265BC74A676}.Debug|Any CPU.Build.0 = Debug|Any CPU
		{CC6DF5AA-0775-4A64-ABCA-1265BC74A676}.Release|Any CPU.ActiveCfg = Release|Any CPU
		{CC6DF5AA-0775-4A64-ABCA-1265BC74A676}.Release|Any CPU.Build.0 = Release|Any CPU
		{0340B860-5870-4756-84FA-379B2B1759ED}.Debug|Any CPU.ActiveCfg = Debug|Any CPU
		{0340B860-5870-4756-84FA-379B2B1759ED}.Debug|Any CPU.Build.0 = Debug|Any CPU
		{0340B860-5870-4756-84FA-379B2B1759ED}.Release|Any CPU.ActiveCfg = Release|Any CPU
		{0340B860-5870-4756-84FA-379B2B1759ED}.Release|Any CPU.Build.0 = Release|Any CPU
		{24BFF4CD-282C-44E1-A0F7-D66DFC37F86F}.Debug|Any CPU.ActiveCfg = Debug|Any CPU
		{24BFF4CD-282C-44E1-A0F7-D66DFC37F86F}.Debug|Any CPU.Build.0 = Debug|Any CPU
		{24BFF4CD-282C-44E1-A0F7-D66DFC37F86F}.Release|Any CPU.ActiveCfg = Release|Any CPU
		{24BFF4CD-282C-44E1-A0F7-D66DFC37F86F}.Release|Any CPU.Build.0 = Release|Any CPU
		{2D8F9387-59A2-45F6-9044-A2CE6810DFEE}.Debug|Any CPU.ActiveCfg = Debug|Any CPU
		{2D8F9387-59A2-45F6-9044-A2CE6810DFEE}.Debug|Any CPU.Build.0 = Debug|Any CPU
		{2D8F9387-59A2-45F6-9044-A2CE6810DFEE}.Release|Any CPU.ActiveCfg = Release|Any CPU
		{2D8F9387-59A2-45F6-9044-A2CE6810DFEE}.Release|Any CPU.Build.0 = Release|Any CPU
	EndGlobalSection
	GlobalSection(SolutionProperties) = preSolution
		HideSolutionNode = FALSE
	EndGlobalSection
	GlobalSection(NestedProjects) = preSolution
		{FF231670-8A5C-4F47-B54C-2B4780CDC8EF} = {880957C5-EBCE-4E93-B6E6-0D6090EAE004}
		{CC6DF5AA-0775-4A64-ABCA-1265BC74A676} = {ED096693-0660-4119-B1B1-44EA37DAA4BD}
		{0340B860-5870-4756-84FA-379B2B1759ED} = {ED096693-0660-4119-B1B1-44EA37DAA4BD}
		{24BFF4CD-282C-44E1-A0F7-D66DFC37F86F} = {1EF1C15B-C727-4989-AA88-55D2779800AC}
		{2D8F9387-59A2-45F6-9044-A2CE6810DFEE} = {9C361939-6094-4961-A72D-F525AB9192E1}
	EndGlobalSection
	GlobalSection(ExtensibilityGlobals) = postSolution
		SolutionGuid = {5EB32961-22DF-4643-AFA2-878F98FE2F02}
	EndGlobalSection
EndGlobal
